
Microsoft Visual Studio Solution File, Format Version 12.00
# Visual Studio Version 16
VisualStudioVersion = 16.0.31205.134
MinimumVisualStudioVersion = 10.0.40219.1
Project("{FAE04EC0-301F-11D3-BF4B-00C04F79EFBC}") = "MovieExplorer.Android", "Movie Explorer\Movie Explorer.Android\MovieExplorer.Android.csproj", "{29DC5201-E26B-4E54-93D6-5CDA98A64BA0}"
EndProject
Project("{FAE04EC0-301F-11D3-BF4B-00C04F79EFBC}") = "MovieExplorer.iOS", "Movie Explorer\Movie Explorer.iOS\MovieExplorer.iOS.csproj", "{59214294-EBB2-4156-AC17-629A5183EAE2}"
EndProject
Project("{9A19103F-16F7-4668-BE54-9A1E7A4F7556}") = "MovieExplorer", "Movie Explorer\Movie Explorer\MovieExplorer.csproj", "{D9A9AB25-C53B-4282-9351-1C2DF1A3D51C}"
EndProject
Global
	GlobalSection(SolutionConfigurationPlatforms) = preSolution
		Debug|Any CPU = Debug|Any CPU
		Debug|iPhone = Debug|iPhone
		Debug|iPhoneSimulator = Debug|iPhoneSimulator
		Release|Any CPU = Release|Any CPU
		Release|iPhone = Release|iPhone
		Release|iPhoneSimulator = Release|iPhoneSimulator
	EndGlobalSection
	GlobalSection(ProjectConfigurationPlatforms) = postSolution
		{29DC5201-E26B-4E54-93D6-5CDA98A64BA0}.Debug|Any CPU.ActiveCfg = Debug|Any CPU
		{29DC5201-E26B-4E54-93D6-5CDA98A64BA0}.Debug|Any CPU.Build.0 = Debug|Any CPU
		{29DC5201-E26B-4E54-93D6-5CDA98A64BA0}.Debug|Any CPU.Deploy.0 = Debug|Any CPU
		{29DC5201-E26B-4E54-93D6-5CDA98A64BA0}.Debug|iPhone.ActiveCfg = Debug|Any CPU
		{29DC5201-E26B-4E54-93D6-5CDA98A64BA0}.Debug|iPhone.Build.0 = Debug|Any CPU
		{29DC5201-E26B-4E54-93D6-5CDA98A64BA0}.Debug|iPhone.Deploy.0 = Debug|Any CPU
		{29DC5201-E26B-4E54-93D6-5CDA98A64BA0}.Debug|iPhoneSimulator.ActiveCfg = Debug|Any CPU
		{29DC5201-E26B-4E54-93D6-5CDA98A64BA0}.Debug|iPhoneSimulator.Build.0 = Debug|Any CPU
		{29DC5201-E26B-4E54-93D6-5CDA98A64BA0}.Debug|iPhoneSimulator.Deploy.0 = Debug|Any CPU
		{29DC5201-E26B-4E54-93D6-5CDA98A64BA0}.Release|Any CPU.ActiveCfg = Release|Any CPU
		{29DC5201-E26B-4E54-93D6-5CDA98A64BA0}.Release|Any CPU.Build.0 = Release|Any CPU
		{29DC5201-E26B-4E54-93D6-5CDA98A64BA0}.Release|Any CPU.Deploy.0 = Release|Any CPU
		{29DC5201-E26B-4E54-93D6-5CDA98A64BA0}.Release|iPhone.ActiveCfg = Release|Any CPU
		{29DC5201-E26B-4E54-93D6-5CDA98A64BA0}.Release|iPhone.Build.0 = Release|Any CPU
		{29DC5201-E26B-4E54-93D6-5CDA98A64BA0}.Release|iPhone.Deploy.0 = Release|Any CPU
		{29DC5201-E26B-4E54-93D6-5CDA98A64BA0}.Release|iPhoneSimulator.ActiveCfg = Release|Any CPU
		{29DC5201-E26B-4E54-93D6-5CDA98A64BA0}.Release|iPhoneSimulator.Build.0 = Release|Any CPU
		{29DC5201-E26B-4E54-93D6-5CDA98A64BA0}.Release|iPhoneSimulator.Deploy.0 = Release|Any CPU
		{59214294-EBB2-4156-AC17-629A5183EAE2}.Debug|Any CPU.ActiveCfg = Debug|iPhone
		{59214294-EBB2-4156-AC17-629A5183EAE2}.Debug|Any CPU.Build.0 = Debug|iPhone
		{59214294-EBB2-4156-AC17-629A5183EAE2}.Debug|Any CPU.Deploy.0 = Debug|iPhone
		{59214294-EBB2-4156-AC17-629A5183EAE2}.Debug|iPhone.ActiveCfg = Debug|iPhone
		{59214294-EBB2-4156-AC17-629A5183EAE2}.Debug|iPhone.Build.0 = Debug|iPhone
		{59214294-EBB2-4156-AC17-629A5183EAE2}.Debug|iPhone.Deploy.0 = Debug|iPhone
		{59214294-EBB2-4156-AC17-629A5183EAE2}.Debug|iPhoneSimulator.ActiveCfg = Debug|iPhoneSimulator
		{59214294-EBB2-4156-AC17-629A5183EAE2}.Debug|iPhoneSimulator.Build.0 = Debug|iPhoneSimulator
		{59214294-EBB2-4156-AC17-629A5183EAE2}.Debug|iPhoneSimulator.Deploy.0 = Debug|iPhoneSimulator
		{59214294-EBB2-4156-AC17-629A5183EAE2}.Release|Any CPU.ActiveCfg = Release|iPhoneSimulator
		{59214294-EBB2-4156-AC17-629A5183EAE2}.Release|Any CPU.Build.0 = Release|iPhoneSimulator
		{59214294-EBB2-4156-AC17-629A5183EAE2}.Release|Any CPU.Deploy.0 = Release|iPhoneSimulator
		{59214294-EBB2-4156-AC17-629A5183EAE2}.Release|iPhone.ActiveCfg = Release|iPhone
		{59214294-EBB2-4156-AC17-629A5183EAE2}.Release|iPhone.Build.0 = Release|iPhone
		{59214294-EBB2-4156-AC17-629A5183EAE2}.Release|iPhone.Deploy.0 = Release|iPhone
		{59214294-EBB2-4156-AC17-629A5183EAE2}.Release|iPhoneSimulator.ActiveCfg = Release|iPhoneSimulator
		{59214294-EBB2-4156-AC17-629A5183EAE2}.Release|iPhoneSimulator.Build.0 = Release|iPhoneSimulator
		{59214294-EBB2-4156-AC17-629A5183EAE2}.Release|iPhoneSimulator.Deploy.0 = Release|iPhoneSimulator
		{D9A9AB25-C53B-4282-9351-1C2DF1A3D51C}.Debug|Any CPU.ActiveCfg = Debug|Any CPU
		{D9A9AB25-C53B-4282-9351-1C2DF1A3D51C}.Debug|Any CPU.Build.0 = Debug|Any CPU
		{D9A9AB25-C53B-4282-9351-1C2DF1A3D51C}.Debug|Any CPU.Deploy.0 = Debug|Any CPU
		{D9A9AB25-C53B-4282-9351-1C2DF1A3D51C}.Debug|iPhone.ActiveCfg = Debug|Any CPU
		{D9A9AB25-C53B-4282-9351-1C2DF1A3D51C}.Debug|iPhone.Build.0 = Debug|Any CPU
		{D9A9AB25-C53B-4282-9351-1C2DF1A3D51C}.Debug|iPhone.Deploy.0 = Debug|Any CPU
		{D9A9AB25-C53B-4282-9351-1C2DF1A3D51C}.Debug|iPhoneSimulator.ActiveCfg = Debug|Any CPU
		{D9A9AB25-C53B-4282-9351-1C2DF1A3D51C}.Debug|iPhoneSimulator.Build.0 = Debug|Any CPU
		{D9A9AB25-C53B-4282-9351-1C2DF1A3D51C}.Debug|iPhoneSimulator.Deploy.0 = Debug|Any CPU
		{D9A9AB25-C53B-4282-9351-1C2DF1A3D51C}.Release|Any CPU.ActiveCfg = Release|Any CPU
		{D9A9AB25-C53B-4282-9351-1C2DF1A3D51C}.Release|Any CPU.Build.0 = Release|Any CPU
		{D9A9AB25-C53B-4282-9351-1C2DF1A3D51C}.Release|Any CPU.Deploy.0 = Release|Any CPU
		{D9A9AB25-C53B-4282-9351-1C2DF1A3D51C}.Release|iPhone.ActiveCfg = Release|Any CPU
		{D9A9AB25-C53B-4282-9351-1C2DF1A3D51C}.Release|iPhone.Build.0 = Release|Any CPU
		{D9A9AB25-C53B-4282-9351-1C2DF1A3D51C}.Release|iPhone.Deploy.0 = Release|Any CPU
		{D9A9AB25-C53B-4282-9351-1C2DF1A3D51C}.Release|iPhoneSimulator.ActiveCfg = Release|Any CPU
		{D9A9AB25-C53B-4282-9351-1C2DF1A3D51C}.Release|iPhoneSimulator.Build.0 = Release|Any CPU
		{D9A9AB25-C53B-4282-9351-1C2DF1A3D51C}.Release|iPhoneSimulator.Deploy.0 = Release|Any CPU
	EndGlobalSection
	GlobalSection(SolutionProperties) = preSolution
		HideSolutionNode = FALSE
	EndGlobalSection
	GlobalSection(ExtensibilityGlobals) = postSolution
		SolutionGuid = {A92088B7-561C-48E9-B248-C25143F54C58}
	EndGlobalSection
EndGlobal
